
Microsoft Visual Studio Solution File, Format Version 12.00
# Visual Studio Version 16
VisualStudioVersion = 16.0.30611.23
MinimumVisualStudioVersion = 10.0.40219.1
Project("{FAE04EC0-301F-11D3-BF4B-00C04F79EFBC}") = "Neighbor.Domain", "Neighbor.Domain\Neighbor.Domain.csproj", "{17DAC6BC-A6BE-4369-BD6E-2473965A3A90}"
EndProject
Project("{FAE04EC0-301F-11D3-BF4B-00C04F79EFBC}") = "Neighbor.Application", "Neighbor.Application\Neighbor.Application.csproj", "{FCACDDA2-48C2-4C6B-8ABC-41BB3314776D}"
EndProject
Project("{FAE04EC0-301F-11D3-BF4B-00C04F79EFBC}") = "Neighbor.Application.Test", "Neighbor.Application.Test\Neighbor.Application.Test.csproj", "{D10CF4DD-17D7-4E4E-96E3-36CB0E2A1694}"
EndProject
Global
	GlobalSection(SolutionConfigurationPlatforms) = preSolution
		Debug|Any CPU = Debug|Any CPU
		Release|Any CPU = Release|Any CPU
	EndGlobalSection
	GlobalSection(ProjectConfigurationPlatforms) = postSolution
		{17DAC6BC-A6BE-4369-BD6E-2473965A3A90}.Debug|Any CPU.ActiveCfg = Debug|Any CPU
		{17DAC6BC-A6BE-4369-BD6E-2473965A3A90}.Debug|Any CPU.Build.0 = Debug|Any CPU
		{17DAC6BC-A6BE-4369-BD6E-2473965A3A90}.Release|Any CPU.ActiveCfg = Release|Any CPU
		{17DAC6BC-A6BE-4369-BD6E-2473965A3A90}.Release|Any CPU.Build.0 = Release|Any CPU
		{FCACDDA2-48C2-4C6B-8ABC-41BB3314776D}.Debug|Any CPU.ActiveCfg = Debug|Any CPU
		{FCACDDA2-48C2-4C6B-8ABC-41BB3314776D}.Debug|Any CPU.Build.0 = Debug|Any CPU
		{FCACDDA2-48C2-4C6B-8ABC-41BB3314776D}.Release|Any CPU.ActiveCfg = Release|Any CPU
		{FCACDDA2-48C2-4C6B-8ABC-41BB3314776D}.Release|Any CPU.Build.0 = Release|Any CPU
		{D10CF4DD-17D7-4E4E-96E3-36CB0E2A1694}.Debug|Any CPU.ActiveCfg = Debug|Any CPU
		{D10CF4DD-17D7-4E4E-96E3-36CB0E2A1694}.Debug|Any CPU.Build.0 = Debug|Any CPU
		{D10CF4DD-17D7-4E4E-96E3-36CB0E2A1694}.Release|Any CPU.ActiveCfg = Release|Any CPU
		{D10CF4DD-17D7-4E4E-96E3-36CB0E2A1694}.Release|Any CPU.Build.0 = Release|Any CPU
	EndGlobalSection
	GlobalSection(SolutionProperties) = preSolution
		HideSolutionNode = FALSE
	EndGlobalSection
	GlobalSection(ExtensibilityGlobals) = postSolution
		SolutionGuid = {59130B6D-3637-4C7E-A587-5B5CAC809A58}
	EndGlobalSection
EndGlobal
